
Microsoft Visual Studio Solution File, Format Version 12.00
# Visual Studio Version 17
VisualStudioVersion = 17.14.36930.0
MinimumVisualStudioVersion = 10.0.40219.1
Project("{FAE04EC0-301F-11D3-BF4B-00C04F79EFBC}") = "dragon1", "dragon1\dragon1.csproj", "{5672D87D-ECE7-4341-BD4E-317251DCB9FC}"
EndProject
Global
	GlobalSection(SolutionConfigurationPlatforms) = preSolution
		Debug|Any CPU = Debug|Any CPU
		Release|Any CPU = Release|Any CPU
	EndGlobalSection
	GlobalSection(ProjectConfigurationPlatforms) = postSolution
		{5672D87D-ECE7-4341-BD4E-317251DCB9FC}.Debug|Any CPU.ActiveCfg = Debug|Any CPU
		{5672D87D-ECE7-4341-BD4E-317251DCB9FC}.Debug|Any CPU.Build.0 = Debug|Any CPU
		{5672D87D-ECE7-4341-BD4E-317251DCB9FC}.Release|Any CPU.ActiveCfg = Release|Any CPU
		{5672D87D-ECE7-4341-BD4E-317251DCB9FC}.Release|Any CPU.Build.0 = Release|Any CPU
	EndGlobalSection
	GlobalSection(SolutionProperties) = preSolution
		HideSolutionNode = FALSE
	EndGlobalSection
	GlobalSection(ExtensibilityGlobals) = postSolution
		SolutionGuid = {C7D0C993-DFAE-4679-AF3D-3CE8489296C6}
	EndGlobalSection
EndGlobal
